{
  "name": "domain-experiments",
  "version": "1.0.0",
  "lockfileVersion": 3,
  "requires": true,
  "packages": {
    "": {
      "name": "domain-experiments",
      "version": "1.0.0",
      "license": "ISC",
      "dependencies": {
        "rxjs": "7.8.2"
      },
      "devDependencies": {
        "@types/node": "^25.0.6",
        "@typescript/native-preview": "^7.0.0-dev.20260109.1"
      }
    },
    "node_modules/@types/node": {
      "version": "25.1.0",
      "resolved": "https://registry.npmjs.org/@types/node/-/node-25.1.0.tgz",
      "integrity": "sha512-t7frlewr6+cbx+9Ohpl0NOTKXZNV9xHRmNOvql47BFJKcEG1CxtxlPEEe+gR9uhVWM4DwhnvTF110mIL4yP9RA==",
      "dev": true,
      "license": "MIT",
      "dependencies": {
        "undici-types": "~7.16.0"
      }
    },
    "node_modules/@typescript/native-preview": {
      "version": "7.0.0-dev.20260130.1",
      "resolved": "https://registry.npmjs.org/@typescript/native-preview/-/native-preview-7.0.0-dev.20260130.1.tgz",
      "integrity": "sha512-lvt9sECmBkrABxl3rMNRAX2unzhYcoNhlTyR7rOvbyM//QTXKUctVD7ByWBvk02et2caUUwIWq2vnygaeW8Mew==",
      "dev": true,
      "license": "Apache-2.0",
      "bin": {
        "tsgo": "bin/tsgo.js"
      },
      "optionalDependencies": {
        "@typescript/native-preview-darwin-arm64": "7.0.0-dev.20260130.1",
        "@typescript/native-preview-darwin-x64": "7.0.0-dev.20260130.1",
        "@typescript/native-preview-linux-arm": "7.0.0-dev.20260130.1",
        "@typescript/native-preview-linux-arm64": "7.0.0-dev.20260130.1",
        "@typescript/native-preview-linux-x64": "7.0.0-dev.20260130.1",
        "@typescript/native-preview-win32-arm64": "7.0.0-dev.20260130.1",
        "@typescript/native-preview-win32-x64": "7.0.0-dev.20260130.1"
      }
    },
    "node_modules/@typescript/native-preview-darwin-arm64": {
      "version": "7.0.0-dev.20260130.1",
      "resolved": "https://registry.npmjs.org/@typescript/native-preview-darwin-arm64/-/native-preview-darwin-arm64-7.0.0-dev.20260130.1.tgz",
      "integrity": "sha512-Jo5kVoxaewKPn/3bKWyUB/gPR+Tjhj6isLc8VshV4OyFX4n6pkvVyk3ANivl7Kwmiv3WGKGUotbZ71DKCZATwA==",
      "cpu": [
        "arm64"
      ],
      "dev": true,
      "license": "Apache-2.0",
      "optional": true,
      "os": [
        "darwin"
      ]
    },
    "node_modules/@typescript/native-preview-darwin-x64": {
      "version": "7.0.0-dev.20260130.1",
      "resolved": "https://registry.npmjs.org/@typescript/native-preview-darwin-x64/-/native-preview-darwin-x64-7.0.0-dev.20260130.1.tgz",
      "integrity": "sha512-dR0fjdcLykfiDOIKjZMGqPBHVl9Dd/C+jFU43Wr3dcPFPFf1oVYsaWAZBSkTXnN9QP8i0/ZV+ZUr1gDjoi3x0Q==",
      "cpu": [
        "x64"
      ],
      "dev": true,
      "license": "Apache-2.0",
      "optional": true,
      "os": [
        "darwin"
      ]
    },
    "node_modules/@typescript/native-preview-linux-arm": {
      "version": "7.0.0-dev.20260130.1",
      "resolved": "https://registry.npmjs.org/@typescript/native-preview-linux-arm/-/native-preview-linux-arm-7.0.0-dev.20260130.1.tgz",
      "integrity": "sha512-wnx4bY/1u006U67fEkPtPVZ65VYMLgkFqOadGyrUxhtveR5WbbgFUuUBES0mPxvzS4ToZzn94jhcnAvN8VOTcA==",
      "cpu": [
        "arm"
      ],
      "dev": true,
      "license": "Apache-2.0",
      "optional": true,
      "os": [
        "linux"
      ]
    },
    "node_modules/@typescript/native-preview-linux-arm64": {
      "version": "7.0.0-dev.20260130.1",
      "resolved": "https://registry.npmjs.org/@typescript/native-preview-linux-arm64/-/native-preview-linux-arm64-7.0.0-dev.20260130.1.tgz",
      "integrity": "sha512-P/1YTpIiFd2pPtHt4sKEmUTaKf1xvuuiV0TvhQ7n2gDYskNjZ66iWCC9w7okjgsmWE9JLh/IRrNcb9FKVk3SHw==",
      "cpu": [
        "arm64"
      ],
      "dev": true,
      "license": "Apache-2.0",
      "optional": true,
      "os": [
        "linux"
      ]
    },
    "node_modules/@typescript/native-preview-linux-x64": {
      "version": "7.0.0-dev.20260130.1",
      "resolved": "https://registry.npmjs.org/@typescript/native-preview-linux-x64/-/native-preview-linux-x64-7.0.0-dev.20260130.1.tgz",
      "integrity": "sha512-OgHVjivuOS22WIZvIm+Pnm7yqFLwonkIrBOxRdew/pPwVGLQVSo+bQ+RocQDj2VFYxXcHs2yXwCk3PDmwLIYYg==",
      "cpu": [
        "x64"
      ],
      "dev": true,
      "license": "Apache-2.0",
      "optional": true,
      "os": [
        "linux"
      ]
    },
    "node_modules/@typescript/native-preview-win32-arm64": {
      "version": "7.0.0-dev.20260130.1",
      "resolved": "https://registry.npmjs.org/@typescript/native-preview-win32-arm64/-/native-preview-win32-arm64-7.0.0-dev.20260130.1.tgz",
      "integrity": "sha512-f/DUxQtIWkZq0eUjZHFmaSxterO/ccu1NxFk0L/Oqj7AfjWVDCqrLVgZJKjvwcG5TEb5AVt7GMUpGEAYZQiUvg==",
      "cpu": [
        "arm64"
      ],
      "dev": true,
      "license": "Apache-2.0",
      "optional": true,
      "os": [
        "win32"
      ]
    },
    "node_modules/@typescript/native-preview-win32-x64": {
      "version": "7.0.0-dev.20260130.1",
      "resolved": "https://registry.npmjs.org/@typescript/native-preview-win32-x64/-/native-preview-win32-x64-7.0.0-dev.20260130.1.tgz",
      "integrity": "sha512-Isr051Cq8RbXOUMYYmwLYw8yBGaEG/Zp0sp7HNeYhVVkc3/3KeveEqCk29q1QRwiBr7HnApdzJP7f+lSZk8gmg==",
      "cpu": [
        "x64"
      ],
      "dev": true,
      "license": "Apache-2.0",
      "optional": true,
      "os": [
        "win32"
      ]
    },
    "node_modules/rxjs": {
      "version": "7.8.2",
      "resolved": "https://registry.npmjs.org/rxjs/-/rxjs-7.8.2.tgz",
      "integrity": "sha512-dhKf903U/PQZY6boNNtAGdWbG85WAbjT/1xYoZIC7FAY0yWapOBQVsVrDl58W86//e1VpMNBtRV4MaXfdMySFA==",
      "license": "Apache-2.0",
      "dependencies": {
        "tslib": "^2.1.0"
      }
    },
    "node_modules/tslib": {
      "version": "2.8.1",
      "resolved": "https://registry.npmjs.org/tslib/-/tslib-2.8.1.tgz",
      "integrity": "sha512-oJFu94HQb+KVduSUQL7wnpmqnfmLsOA/nAh6b6EH0wCEoK0/mPeXU6c3wKDV83MkOuHPRHtSXKKU99IBazS/2w==",
      "license": "0BSD"
    },
    "node_modules/undici-types": {
      "version": "7.16.0",
      "resolved": "https://registry.npmjs.org/undici-types/-/undici-types-7.16.0.tgz",
      "integrity": "sha512-Zz+aZWSj8LE6zoxD+xrjh4VfkIG8Ya6LvYkZqtUQGJPZjYl53ypCaUwWqo7eI0x66KBGeRo+mlBEkMSeSZ38Nw==",
      "dev": true,
      "license": "MIT"
    }
  }
}
